{
  "version": 4,
  "terraform_version": "1.1.9",
  "serial": 21,
  "lineage": "2b391d6f-0518-13c3-b2f9-c39d7179e2ca",
  "outputs": {},
  "resources": [
    {
      "module": "module.service_account",
      "mode": "managed",
      "type": "google_project_iam_member",
      "name": "service_acc_iam",
      "provider": "provider[\"registry.terraform.io/hashicorp/google\"]",
      "instances": []
    },
    {
      "module": "module.service_account",
      "mode": "managed",
      "type": "google_service_account",
      "name": "service_account",
      "provider": "provider[\"registry.terraform.io/hashicorp/google\"]",
      "instances": [
        {
          "index_key": 0,
          "schema_version": 0,
          "attributes": {
            "account_id": "wp-service-id",
            "description": "",
            "disabled": false,
            "display_name": "WordPress service",
            "email": "wp-service-id@gcp101388-educoeychernen.iam.gserviceaccount.com",
            "id": "projects/gcp101388-educoeychernen/serviceAccounts/wp-service-id@gcp101388-educoeychernen.iam.gserviceaccount.com",
            "name": "projects/gcp101388-educoeychernen/serviceAccounts/wp-service-id@gcp101388-educoeychernen.iam.gserviceaccount.com",
            "project": "gcp101388-educoeychernen",
            "timeouts": null,
            "unique_id": "100121457698403492016"
          },
          "sensitive_attributes": [],
          "private": "eyJlMmJmYjczMC1lY2FhLTExZTYtOGY4OC0zNDM2M2JjN2M0YzAiOnsiY3JlYXRlIjozMDAwMDAwMDAwMDB9fQ=="
        }
      ]
    }
  ]
}
